
Microsoft Visual Studio Solution File, Format Version 12.00
# Visual Studio Version 17
VisualStudioVersion = 17.7.34221.43
MinimumVisualStudioVersion = 10.0.40219.1
Project("{8BC9CEB8-8B4A-11D0-8D11-00A0C91BC942}") = "2.4", "2.4\2.4.vcxproj", "{9EF4BF9A-B086-4C2F-BCC8-D937F49C7FE1}"
EndProject
Project("{8BC9CEB8-8B4A-11D0-8D11-00A0C91BC942}") = "UnitTest2.4", "UnitTest2.4\UnitTest2.4.vcxproj", "{AEE11ABA-D3B7-462D-B7BA-E758E705AEAF}"
EndProject
Global
	GlobalSection(SolutionConfigurationPlatforms) = preSolution
		Debug|x64 = Debug|x64
		Debug|x86 = Debug|x86
		Release|x64 = Release|x64
		Release|x86 = Release|x86
	EndGlobalSection
	GlobalSection(ProjectConfigurationPlatforms) = postSolution
		{9EF4BF9A-B086-4C2F-BCC8-D937F49C7FE1}.Debug|x64.ActiveCfg = Debug|x64
		{9EF4BF9A-B086-4C2F-BCC8-D937F49C7FE1}.Debug|x64.Build.0 = Debug|x64
		{9EF4BF9A-B086-4C2F-BCC8-D937F49C7FE1}.Debug|x86.ActiveCfg = Debug|Win32
		{9EF4BF9A-B086-4C2F-BCC8-D937F49C7FE1}.Debug|x86.Build.0 = Debug|Win32
		{9EF4BF9A-B086-4C2F-BCC8-D937F49C7FE1}.Release|x64.ActiveCfg = Release|x64
		{9EF4BF9A-B086-4C2F-BCC8-D937F49C7FE1}.Release|x64.Build.0 = Release|x64
		{9EF4BF9A-B086-4C2F-BCC8-D937F49C7FE1}.Release|x86.ActiveCfg = Release|Win32
		{9EF4BF9A-B086-4C2F-BCC8-D937F49C7FE1}.Release|x86.Build.0 = Release|Win32
		{AEE11ABA-D3B7-462D-B7BA-E758E705AEAF}.Debug|x64.ActiveCfg = Debug|x64
		{AEE11ABA-D3B7-462D-B7BA-E758E705AEAF}.Debug|x64.Build.0 = Debug|x64
		{AEE11ABA-D3B7-462D-B7BA-E758E705AEAF}.Debug|x86.ActiveCfg = Debug|Win32
		{AEE11ABA-D3B7-462D-B7BA-E758E705AEAF}.Debug|x86.Build.0 = Debug|Win32
		{AEE11ABA-D3B7-462D-B7BA-E758E705AEAF}.Release|x64.ActiveCfg = Release|x64
		{AEE11ABA-D3B7-462D-B7BA-E758E705AEAF}.Release|x64.Build.0 = Release|x64
		{AEE11ABA-D3B7-462D-B7BA-E758E705AEAF}.Release|x86.ActiveCfg = Release|Win32
		{AEE11ABA-D3B7-462D-B7BA-E758E705AEAF}.Release|x86.Build.0 = Release|Win32
	EndGlobalSection
	GlobalSection(SolutionProperties) = preSolution
		HideSolutionNode = FALSE
	EndGlobalSection
	GlobalSection(ExtensibilityGlobals) = postSolution
		SolutionGuid = {A19FB027-F726-47B1-899C-A8EC17A9C33E}
	EndGlobalSection
EndGlobal
